// !$*UTF8*$!
{
	archiveVersion = 1;
	classes = {
	};
	objectVersion = 46;
	objects = {

/* Begin PBXBuildFile section */
		41825B651C8B74C600641A1E /* ModelMgr.swift in Sources */ = {isa = PBXBuildFile; fileRef = 41825B641C8B74C600641A1E /* ModelMgr.swift */; };
		41825B671C8B79B900641A1E /* Object+Extensions.swift in Sources */ = {isa = PBXBuildFile; fileRef = 41825B661C8B79B900641A1E /* Object+Extensions.swift */; };
		41825B691C8B7C0400641A1E /* Config.swift in Sources */ = {isa = PBXBuildFile; fileRef = 41825B681C8B7C0400641A1E /* Config.swift */; };
		41825B6B1C8B822100641A1E /* Types.swift in Sources */ = {isa = PBXBuildFile; fileRef = 41825B6A1C8B822100641A1E /* Types.swift */; };
		41825B6F1C8B953B00641A1E /* MImage.swift in Sources */ = {isa = PBXBuildFile; fileRef = 41825B6E1C8B953B00641A1E /* MImage.swift */; };
		41825B711C8BA05B00641A1E /* ClientMgr.swift in Sources */ = {isa = PBXBuildFile; fileRef = 41825B701C8BA05B00641A1E /* ClientMgr.swift */; };
		41825B731C8BA8C300641A1E /* Utils.swift in Sources */ = {isa = PBXBuildFile; fileRef = 41825B721C8BA8C300641A1E /* Utils.swift */; };
		41825B751C8BE51300641A1E /* DateConverter.swift in Sources */ = {isa = PBXBuildFile; fileRef = 41825B741C8BE51300641A1E /* DateConverter.swift */; };
		41B158101C8B6F530076AF50 /* MSession.swift in Sources */ = {isa = PBXBuildFile; fileRef = 41B1580F1C8B6F530076AF50 /* MSession.swift */; };
		41DFAF681C8B6CEA00706E68 /* MLocation.swift in Sources */ = {isa = PBXBuildFile; fileRef = 41DFAF671C8B6CEA00706E68 /* MLocation.swift */; };
		86FC335FD74A76B12D495B77 /* Pods_EndingViolence.framework in Frameworks */ = {isa = PBXBuildFile; fileRef = EEFC48C4A3AED8F184C1949B /* Pods_EndingViolence.framework */; };
		B045C47C1C8B661400E47E3F /* AppDelegate.swift in Sources */ = {isa = PBXBuildFile; fileRef = B045C47B1C8B661400E47E3F /* AppDelegate.swift */; };
		B045C4811C8B661400E47E3F /* Main.storyboard in Resources */ = {isa = PBXBuildFile; fileRef = B045C47F1C8B661400E47E3F /* Main.storyboard */; };
		B045C4831C8B661400E47E3F /* Assets.xcassets in Resources */ = {isa = PBXBuildFile; fileRef = B045C4821C8B661400E47E3F /* Assets.xcassets */; };
		B045C4861C8B661400E47E3F /* LaunchScreen.storyboard in Resources */ = {isa = PBXBuildFile; fileRef = B045C4841C8B661400E47E3F /* LaunchScreen.storyboard */; };
		B0E886311C8BBEEA000EA442 /* LocationManager.swift in Sources */ = {isa = PBXBuildFile; fileRef = B0E886301C8BBEEA000EA442 /* LocationManager.swift */; };
		B0EB9E801C8B8FA2004219E3 /* LocationMgr.swift in Sources */ = {isa = PBXBuildFile; fileRef = B0EB9E7D1C8B8FA2004219E3 /* LocationMgr.swift */; };
		B0EB9E811C8B8FA2004219E3 /* StateMachine.swift in Sources */ = {isa = PBXBuildFile; fileRef = B0EB9E7E1C8B8FA2004219E3 /* StateMachine.swift */; };
		B0EB9E861C8B8FB0004219E3 /* EVViewController.swift in Sources */ = {isa = PBXBuildFile; fileRef = B0EB9E821C8B8FB0004219E3 /* EVViewController.swift */; };
		B0EB9E871C8B8FB0004219E3 /* HomeViewController.swift in Sources */ = {isa = PBXBuildFile; fileRef = B0EB9E831C8B8FB0004219E3 /* HomeViewController.swift */; };
		B0EB9E881C8B8FB0004219E3 /* ResourcesViewController.swift in Sources */ = {isa = PBXBuildFile; fileRef = B0EB9E841C8B8FB0004219E3 /* ResourcesViewController.swift */; };
		B0EB9E891C8B8FB0004219E3 /* SettingsViewController.swift in Sources */ = {isa = PBXBuildFile; fileRef = B0EB9E851C8B8FB0004219E3 /* SettingsViewController.swift */; };
		B0EB9E8B1C8BA04B004219E3 /* ImageCaptureManager.swift in Sources */ = {isa = PBXBuildFile; fileRef = B0EB9E8A1C8BA04B004219E3 /* ImageCaptureManager.swift */; };
/* End PBXBuildFile section */

/* Begin PBXFileReference section */
		41825B641C8B74C600641A1E /* ModelMgr.swift */ = {isa = PBXFileReference; fileEncoding = 4; lastKnownFileType = sourcecode.swift; name = ModelMgr.swift; path = Model/ModelMgr.swift; sourceTree = "<group>"; };
		41825B661C8B79B900641A1E /* Object+Extensions.swift */ = {isa = PBXFileReference; fileEncoding = 4; lastKnownFileType = sourcecode.swift; name = "Object+Extensions.swift"; path = "Model/Object+Extensions.swift"; sourceTree = "<group>"; };
		41825B681C8B7C0400641A1E /* Config.swift */ = {isa = PBXFileReference; fileEncoding = 4; lastKnownFileType = sourcecode.swift; path = Config.swift; sourceTree = "<group>"; };
		41825B6A1C8B822100641A1E /* Types.swift */ = {isa = PBXFileReference; fileEncoding = 4; lastKnownFileType = sourcecode.swift; path = Types.swift; sourceTree = "<group>"; };
		41825B6E1C8B953B00641A1E /* MImage.swift */ = {isa = PBXFileReference; fileEncoding = 4; lastKnownFileType = sourcecode.swift; name = MImage.swift; path = Model/MImage.swift; sourceTree = "<group>"; };
		41825B701C8BA05B00641A1E /* ClientMgr.swift */ = {isa = PBXFileReference; fileEncoding = 4; lastKnownFileType = sourcecode.swift; name = ClientMgr.swift; path = Managers/ClientMgr.swift; sourceTree = "<group>"; };
		41825B721C8BA8C300641A1E /* Utils.swift */ = {isa = PBXFileReference; fileEncoding = 4; lastKnownFileType = sourcecode.swift; path = Utils.swift; sourceTree = "<group>"; };
		41825B741C8BE51300641A1E /* DateConverter.swift */ = {isa = PBXFileReference; fileEncoding = 4; lastKnownFileType = sourcecode.swift; name = DateConverter.swift; path = Model/DateConverter.swift; sourceTree = "<group>"; };
		41B1580F1C8B6F530076AF50 /* MSession.swift */ = {isa = PBXFileReference; fileEncoding = 4; lastKnownFileType = sourcecode.swift; name = MSession.swift; path = Model/MSession.swift; sourceTree = "<group>"; };
		41DFAF671C8B6CEA00706E68 /* MLocation.swift */ = {isa = PBXFileReference; fileEncoding = 4; lastKnownFileType = sourcecode.swift; name = MLocation.swift; path = Model/MLocation.swift; sourceTree = "<group>"; };
		5AF39ABA918607A71FE53872 /* Pods-EndingViolence.debug.xcconfig */ = {isa = PBXFileReference; includeInIndex = 1; lastKnownFileType = text.xcconfig; name = "Pods-EndingViolence.debug.xcconfig"; path = "Pods/Target Support Files/Pods-EndingViolence/Pods-EndingViolence.debug.xcconfig"; sourceTree = "<group>"; };
		B045C4781C8B661400E47E3F /* EndingViolence.app */ = {isa = PBXFileReference; explicitFileType = wrapper.application; includeInIndex = 0; path = EndingViolence.app; sourceTree = BUILT_PRODUCTS_DIR; };
		B045C47B1C8B661400E47E3F /* AppDelegate.swift */ = {isa = PBXFileReference; lastKnownFileType = sourcecode.swift; path = AppDelegate.swift; sourceTree = "<group>"; };
		B045C4801C8B661400E47E3F /* Base */ = {isa = PBXFileReference; lastKnownFileType = file.storyboard; name = Base; path = Base.lproj/Main.storyboard; sourceTree = "<group>"; };
		B045C4821C8B661400E47E3F /* Assets.xcassets */ = {isa = PBXFileReference; lastKnownFileType = folder.assetcatalog; path = Assets.xcassets; sourceTree = "<group>"; };
		B045C4851C8B661400E47E3F /* Base */ = {isa = PBXFileReference; lastKnownFileType = file.storyboard; name = Base; path = Base.lproj/LaunchScreen.storyboard; sourceTree = "<group>"; };
		B045C4871C8B661400E47E3F /* Info.plist */ = {isa = PBXFileReference; lastKnownFileType = text.plist.xml; path = Info.plist; sourceTree = "<group>"; };
		B0E886301C8BBEEA000EA442 /* LocationManager.swift */ = {isa = PBXFileReference; fileEncoding = 4; lastKnownFileType = sourcecode.swift; path = LocationManager.swift; sourceTree = "<group>"; };
		B0EB9E7D1C8B8FA2004219E3 /* LocationMgr.swift */ = {isa = PBXFileReference; fileEncoding = 4; lastKnownFileType = sourcecode.swift; name = LocationMgr.swift; path = Managers/LocationMgr.swift; sourceTree = "<group>"; };
		B0EB9E7E1C8B8FA2004219E3 /* StateMachine.swift */ = {isa = PBXFileReference; fileEncoding = 4; lastKnownFileType = sourcecode.swift; name = StateMachine.swift; path = Managers/StateMachine.swift; sourceTree = "<group>"; };
		B0EB9E821C8B8FB0004219E3 /* EVViewController.swift */ = {isa = PBXFileReference; fileEncoding = 4; lastKnownFileType = sourcecode.swift; name = EVViewController.swift; path = ViewControllers/EVViewController.swift; sourceTree = "<group>"; };
		B0EB9E831C8B8FB0004219E3 /* HomeViewController.swift */ = {isa = PBXFileReference; fileEncoding = 4; lastKnownFileType = sourcecode.swift; name = HomeViewController.swift; path = ViewControllers/HomeViewController.swift; sourceTree = "<group>"; };
		B0EB9E841C8B8FB0004219E3 /* ResourcesViewController.swift */ = {isa = PBXFileReference; fileEncoding = 4; lastKnownFileType = sourcecode.swift; name = ResourcesViewController.swift; path = ViewControllers/ResourcesViewController.swift; sourceTree = "<group>"; };
		B0EB9E851C8B8FB0004219E3 /* SettingsViewController.swift */ = {isa = PBXFileReference; fileEncoding = 4; lastKnownFileType = sourcecode.swift; name = SettingsViewController.swift; path = ViewControllers/SettingsViewController.swift; sourceTree = "<group>"; };
		B0EB9E8A1C8BA04B004219E3 /* ImageCaptureManager.swift */ = {isa = PBXFileReference; fileEncoding = 4; lastKnownFileType = sourcecode.swift; name = ImageCaptureManager.swift; path = Managers/ImageCaptureManager.swift; sourceTree = "<group>"; };
		C50045048CF20E2E0331EDBE /* Pods-EndingViolence.release.xcconfig */ = {isa = PBXFileReference; includeInIndex = 1; lastKnownFileType = text.xcconfig; name = "Pods-EndingViolence.release.xcconfig"; path = "Pods/Target Support Files/Pods-EndingViolence/Pods-EndingViolence.release.xcconfig"; sourceTree = "<group>"; };
		EEFC48C4A3AED8F184C1949B /* Pods_EndingViolence.framework */ = {isa = PBXFileReference; explicitFileType = wrapper.framework; includeInIndex = 0; path = Pods_EndingViolence.framework; sourceTree = BUILT_PRODUCTS_DIR; };
/* End PBXFileReference section */

/* Begin PBXFrameworksBuildPhase section */
		B045C4751C8B661400E47E3F /* Frameworks */ = {
			isa = PBXFrameworksBuildPhase;
			buildActionMask = 2147483647;
			files = (
				86FC335FD74A76B12D495B77 /* Pods_EndingViolence.framework in Frameworks */,
			);
			runOnlyForDeploymentPostprocessing = 0;
		};
/* End PBXFrameworksBuildPhase section */

/* Begin PBXGroup section */
		41825B631C8B73D300641A1E /* Model */ = {
			isa = PBXGroup;
			children = (
				41825B661C8B79B900641A1E /* Object+Extensions.swift */,
				41DFAF671C8B6CEA00706E68 /* MLocation.swift */,
				41B1580F1C8B6F530076AF50 /* MSession.swift */,
				41825B6E1C8B953B00641A1E /* MImage.swift */,
				41825B641C8B74C600641A1E /* ModelMgr.swift */,
				41825B741C8BE51300641A1E /* DateConverter.swift */,
			);
			name = Model;
			sourceTree = "<group>";
		};
		56A2E6D0FFF0A3A0E40CE855 /* Frameworks */ = {
			isa = PBXGroup;
			children = (
				EEFC48C4A3AED8F184C1949B /* Pods_EndingViolence.framework */,
			);
			name = Frameworks;
			sourceTree = "<group>";
		};
		B045C46F1C8B661400E47E3F = {
			isa = PBXGroup;
			children = (
				B045C47A1C8B661400E47E3F /* EndingViolence */,
				B045C4791C8B661400E47E3F /* Products */,
				B075EACFEF1916327BA17E5F /* Pods */,
				56A2E6D0FFF0A3A0E40CE855 /* Frameworks */,
			);
			sourceTree = "<group>";
		};
		B045C4791C8B661400E47E3F /* Products */ = {
			isa = PBXGroup;
			children = (
				B045C4781C8B661400E47E3F /* EndingViolence.app */,
			);
			name = Products;
			sourceTree = "<group>";
		};
		B045C47A1C8B661400E47E3F /* EndingViolence */ = {
			isa = PBXGroup;
			children = (
				41825B721C8BA8C300641A1E /* Utils.swift */,
				41825B6A1C8B822100641A1E /* Types.swift */,
				41825B681C8B7C0400641A1E /* Config.swift */,
				B045C47B1C8B661400E47E3F /* AppDelegate.swift */,
				B0EB9E7A1C8B8EFE004219E3 /* ViewControllers */,
				B0EB9E7B1C8B8F06004219E3 /* Managers */,
				B045C47F1C8B661400E47E3F /* Main.storyboard */,
				B045C4821C8B661400E47E3F /* Assets.xcassets */,
				B045C4841C8B661400E47E3F /* LaunchScreen.storyboard */,
				B045C4871C8B661400E47E3F /* Info.plist */,
				41825B631C8B73D300641A1E /* Model */,
			);
			path = EndingViolence;
			sourceTree = "<group>";
		};
		B075EACFEF1916327BA17E5F /* Pods */ = {
			isa = PBXGroup;
			children = (
				5AF39ABA918607A71FE53872 /* Pods-EndingViolence.debug.xcconfig */,
				C50045048CF20E2E0331EDBE /* Pods-EndingViolence.release.xcconfig */,
			);
			name = Pods;
			sourceTree = "<group>";
		};
		B0EB9E7A1C8B8EFE004219E3 /* ViewControllers */ = {
			isa = PBXGroup;
			children = (
				B0EB9E821C8B8FB0004219E3 /* EVViewController.swift */,
				B0EB9E831C8B8FB0004219E3 /* HomeViewController.swift */,
				B0EB9E841C8B8FB0004219E3 /* ResourcesViewController.swift */,
				B0EB9E851C8B8FB0004219E3 /* SettingsViewController.swift */,
			);
			name = ViewControllers;
			sourceTree = "<group>";
		};
		B0EB9E7B1C8B8F06004219E3 /* Managers */ = {
			isa = PBXGroup;
			children = (
				B0E886301C8BBEEA000EA442 /* LocationManager.swift */,
				B0EB9E7E1C8B8FA2004219E3 /* StateMachine.swift */,
				41825B701C8BA05B00641A1E /* ClientMgr.swift */,
				B0EB9E7D1C8B8FA2004219E3 /* LocationMgr.swift */,
				B0EB9E8A1C8BA04B004219E3 /* ImageCaptureManager.swift */,
			);
			name = Managers;
			sourceTree = "<group>";
		};
/* End PBXGroup section */

/* Begin PBXNativeTarget section */
		B045C4771C8B661400E47E3F /* EndingViolence */ = {
			isa = PBXNativeTarget;
			buildConfigurationList = B045C48A1C8B661400E47E3F /* Build configuration list for PBXNativeTarget "EndingViolence" */;
			buildPhases = (
				41584D707C127D9026100CE4 /* Check Pods Manifest.lock */,
				B045C4741C8B661400E47E3F /* Sources */,
				B045C4751C8B661400E47E3F /* Frameworks */,
				B045C4761C8B661400E47E3F /* Resources */,
				4172B64733941C0874462C14 /* Embed Pods Frameworks */,
				3A92695712133EDFD1C280F2 /* Copy Pods Resources */,
			);
			buildRules = (
			);
			dependencies = (
			);
			name = EndingViolence;
			productName = EndingViolence;
			productReference = B045C4781C8B661400E47E3F /* EndingViolence.app */;
			productType = "com.apple.product-type.application";
		};
/* End PBXNativeTarget section */

/* Begin PBXProject section */
		B045C4701C8B661400E47E3F /* Project object */ = {
			isa = PBXProject;
			attributes = {
				LastSwiftUpdateCheck = 0720;
				LastUpgradeCheck = 0720;
				ORGANIZATIONNAME = teamteamtwo;
				TargetAttributes = {
					B045C4771C8B661400E47E3F = {
						CreatedOnToolsVersion = 7.2.1;
						DevelopmentTeam = K3VW22575H;
					};
				};
			};
			buildConfigurationList = B045C4731C8B661400E47E3F /* Build configuration list for PBXProject "EndingViolence" */;
			compatibilityVersion = "Xcode 3.2";
			developmentRegion = English;
			hasScannedForEncodings = 0;
			knownRegions = (
				en,
				Base,
			);
			mainGroup = B045C46F1C8B661400E47E3F;
			productRefGroup = B045C4791C8B661400E47E3F /* Products */;
			projectDirPath = "";
			projectRoot = "";
			targets = (
				B045C4771C8B661400E47E3F /* EndingViolence */,
			);
		};
/* End PBXProject section */

/* Begin PBXResourcesBuildPhase section */
		B045C4761C8B661400E47E3F /* Resources */ = {
			isa = PBXResourcesBuildPhase;
			buildActionMask = 2147483647;
			files = (
				B045C4861C8B661400E47E3F /* LaunchScreen.storyboard in Resources */,
				B045C4831C8B661400E47E3F /* Assets.xcassets in Resources */,
				B045C4811C8B661400E47E3F /* Main.storyboard in Resources */,
			);
			runOnlyForDeploymentPostprocessing = 0;
		};
/* End PBXResourcesBuildPhase section */

/* Begin PBXShellScriptBuildPhase section */
		3A92695712133EDFD1C280F2 /* Copy Pods Resources */ = {
			isa = PBXShellScriptBuildPhase;
			buildActionMask = 2147483647;
			files = (
			);
			inputPaths = (
			);
			name = "Copy Pods Resources";
			outputPaths = (
			);
			runOnlyForDeploymentPostprocessing = 0;
			shellPath = /bin/sh;
			shellScript = "\"${SRCROOT}/Pods/Target Support Files/Pods-EndingViolence/Pods-EndingViolence-resources.sh\"\n";
			showEnvVarsInLog = 0;
		};
		41584D707C127D9026100CE4 /* Check Pods Manifest.lock */ = {
			isa = PBXShellScriptBuildPhase;
			buildActionMask = 2147483647;
			files = (
			);
			inputPaths = (
			);
			name = "Check Pods Manifest.lock";
			outputPaths = (
			);
			runOnlyForDeploymentPostprocessing = 0;
			shellPath = /bin/sh;
			shellScript = "diff \"${PODS_ROOT}/../Podfile.lock\" \"${PODS_ROOT}/Manifest.lock\" > /dev/null\nif [[ $? != 0 ]] ; then\n    cat << EOM\nerror: The sandbox is not in sync with the Podfile.lock. Run 'pod install' or update your CocoaPods installation.\nEOM\n    exit 1\nfi\n";
			showEnvVarsInLog = 0;
		};
		4172B64733941C0874462C14 /* Embed Pods Frameworks */ = {
			isa = PBXShellScriptBuildPhase;
			buildActionMask = 2147483647;
			files = (
			);
			inputPaths = (
			);
			name = "Embed Pods Frameworks";
			outputPaths = (
			);
			runOnlyForDeploymentPostprocessing = 0;
			shellPath = /bin/sh;
			shellScript = "\"${SRCROOT}/Pods/Target Support Files/Pods-EndingViolence/Pods-EndingViolence-frameworks.sh\"\n";
			showEnvVarsInLog = 0;
		};
/* End PBXShellScriptBuildPhase section */

/* Begin PBXSourcesBuildPhase section */
		B045C4741C8B661400E47E3F /* Sources */ = {
			isa = PBXSourcesBuildPhase;
			buildActionMask = 2147483647;
			files = (
				41825B6F1C8B953B00641A1E /* MImage.swift in Sources */,
				41825B671C8B79B900641A1E /* Object+Extensions.swift in Sources */,
				41DFAF681C8B6CEA00706E68 /* MLocation.swift in Sources */,
				B0EB9E811C8B8FA2004219E3 /* StateMachine.swift in Sources */,
				B0E886311C8BBEEA000EA442 /* LocationManager.swift in Sources */,
				B0EB9E881C8B8FB0004219E3 /* ResourcesViewController.swift in Sources */,
				B0EB9E8B1C8BA04B004219E3 /* ImageCaptureManager.swift in Sources */,
				41825B651C8B74C600641A1E /* ModelMgr.swift in Sources */,
				B045C47C1C8B661400E47E3F /* AppDelegate.swift in Sources */,
				41825B751C8BE51300641A1E /* DateConverter.swift in Sources */,
				B0EB9E801C8B8FA2004219E3 /* LocationMgr.swift in Sources */,
				41825B731C8BA8C300641A1E /* Utils.swift in Sources */,
				41825B691C8B7C0400641A1E /* Config.swift in Sources */,
				B0EB9E891C8B8FB0004219E3 /* SettingsViewController.swift in Sources */,
				41825B6B1C8B822100641A1E /* Types.swift in Sources */,
				B0EB9E861C8B8FB0004219E3 /* EVViewController.swift in Sources */,
				41B158101C8B6F530076AF50 /* MSession.swift in Sources */,
				B0EB9E871C8B8FB0004219E3 /* HomeViewController.swift in Sources */,
				41825B711C8BA05B00641A1E /* ClientMgr.swift in Sources */,
			);
			runOnlyForDeploymentPostprocessing = 0;
		};
/* End PBXSourcesBuildPhase section */

/* Begin PBXVariantGroup section */
		B045C47F1C8B661400E47E3F /* Main.storyboard */ = {
			isa = PBXVariantGroup;
			children = (
				B045C4801C8B661400E47E3F /* Base */,
			);
			name = Main.storyboard;
			sourceTree = "<group>";
		};
		B045C4841C8B661400E47E3F /* LaunchScreen.storyboard */ = {
			isa = PBXVariantGroup;
			children = (
				B045C4851C8B661400E47E3F /* Base */,
			);
			name = LaunchScreen.storyboard;
			sourceTree = "<group>";
		};
/* End PBXVariantGroup section */

/* Begin XCBuildConfiguration section */
		B045C4881C8B661400E47E3F /* Debug */ = {
			isa = XCBuildConfiguration;
			buildSettings = {
				ALWAYS_SEARCH_USER_PATHS = NO;
				CLANG_CXX_LANGUAGE_STANDARD = "gnu++0x";
				CLANG_CXX_LIBRARY = "libc++";
				CLANG_ENABLE_MODULES = YES;
				CLANG_ENABLE_OBJC_ARC = YES;
				CLANG_WARN_BOOL_CONVERSION = YES;
				CLANG_WARN_CONSTANT_CONVERSION = YES;
				CLANG_WARN_DIRECT_OBJC_ISA_USAGE = YES_ERROR;
				CLANG_WARN_EMPTY_BODY = YES;
				CLANG_WARN_ENUM_CONVERSION = YES;
				CLANG_WARN_INT_CONVERSION = YES;
				CLANG_WARN_OBJC_ROOT_CLASS = YES_ERROR;
				CLANG_WARN_UNREACHABLE_CODE = YES;
				CLANG_WARN__DUPLICATE_METHOD_MATCH = YES;
				"CODE_SIGN_IDENTITY[sdk=iphoneos*]" = "iPhone Developer";
				COPY_PHASE_STRIP = NO;
				DEBUG_INFORMATION_FORMAT = dwarf;
				ENABLE_STRICT_OBJC_MSGSEND = YES;
				ENABLE_TESTABILITY = YES;
				GCC_C_LANGUAGE_STANDARD = gnu99;
				GCC_DYNAMIC_NO_PIC = NO;
				GCC_NO_COMMON_BLOCKS = YES;
				GCC_OPTIMIZATION_LEVEL = 0;
				GCC_PREPROCESSOR_DEFINITIONS = (
					"DEBUG=1",
					"$(inherited)",
				);
				GCC_WARN_64_TO_32_BIT_CONVERSION = YES;
				GCC_WARN_ABOUT_RETURN_TYPE = YES_ERROR;
				GCC_WARN_UNDECLARED_SELECTOR = YES;
				GCC_WARN_UNINITIALIZED_AUTOS = YES_AGGRESSIVE;
				GCC_WARN_UNUSED_FUNCTION = YES;
				GCC_WARN_UNUSED_VARIABLE = YES;
				IPHONEOS_DEPLOYMENT_TARGET = 9.2;
				MTL_ENABLE_DEBUG_INFO = YES;
				ONLY_ACTIVE_ARCH = YES;
				SDKROOT = iphoneos;
				SWIFT_OPTIMIZATION_LEVEL = "-Onone";
			};
			name = Debug;
		};
		B045C4891C8B661400E47E3F /* Release */ = {
			isa = XCBuildConfiguration;
			buildSettings = {
				ALWAYS_SEARCH_USER_PATHS = NO;
				CLANG_CXX_LANGUAGE_STANDARD = "gnu++0x";
				CLANG_CXX_LIBRARY = "libc++";
				CLANG_ENABLE_MODULES = YES;
				CLANG_ENABLE_OBJC_ARC = YES;
				CLANG_WARN_BOOL_CONVERSION = YES;
				CLANG_WARN_CONSTANT_CONVERSION = YES;
				CLANG_WARN_DIRECT_OBJC_ISA_USAGE = YES_ERROR;
				CLANG_WARN_EMPTY_BODY = YES;
				CLANG_WARN_ENUM_CONVERSION = YES;
				CLANG_WARN_INT_CONVERSION = YES;
				CLANG_WARN_OBJC_ROOT_CLASS = YES_ERROR;
				CLANG_WARN_UNREACHABLE_CODE = YES;
				CLANG_WARN__DUPLICATE_METHOD_MATCH = YES;
				"CODE_SIGN_IDENTITY[sdk=iphoneos*]" = "iPhone Developer";
				COPY_PHASE_STRIP = NO;
				DEBUG_INFORMATION_FORMAT = "dwarf-with-dsym";
				ENABLE_NS_ASSERTIONS = NO;
				ENABLE_STRICT_OBJC_MSGSEND = YES;
				GCC_C_LANGUAGE_STANDARD = gnu99;
				GCC_NO_COMMON_BLOCKS = YES;
				GCC_WARN_64_TO_32_BIT_CONVERSION = YES;
				GCC_WARN_ABOUT_RETURN_TYPE = YES_ERROR;
				GCC_WARN_UNDECLARED_SELECTOR = YES;
				GCC_WARN_UNINITIALIZED_AUTOS = YES_AGGRESSIVE;
				GCC_WARN_UNUSED_FUNCTION = YES;
				GCC_WARN_UNUSED_VARIABLE = YES;
				IPHONEOS_DEPLOYMENT_TARGET = 9.2;
				MTL_ENABLE_DEBUG_INFO = NO;
				SDKROOT = iphoneos;
				VALIDATE_PRODUCT = YES;
			};
			name = Release;
		};
		B045C48B1C8B661400E47E3F /* Debug */ = {
			isa = XCBuildConfiguration;
			baseConfigurationReference = 5AF39ABA918607A71FE53872 /* Pods-EndingViolence.debug.xcconfig */;
			buildSettings = {
				ASSETCATALOG_COMPILER_APPICON_NAME = AppIcon;
				CODE_SIGN_IDENTITY = "iPhone Developer";
				INFOPLIST_FILE = EndingViolence/Info.plist;
				LD_RUNPATH_SEARCH_PATHS = "$(inherited) @executable_path/Frameworks";
				PRODUCT_BUNDLE_IDENTIFIER = com.teamteamtwo.EndingViolence;
				PRODUCT_NAME = "$(TARGET_NAME)";
			};
			name = Debug;
		};
		B045C48C1C8B661400E47E3F /* Release */ = {
			isa = XCBuildConfiguration;
			baseConfigurationReference = C50045048CF20E2E0331EDBE /* Pods-EndingViolence.release.xcconfig */;
			buildSettings = {
				ASSETCATALOG_COMPILER_APPICON_NAME = AppIcon;
				CODE_SIGN_IDENTITY = "iPhone Developer";
				INFOPLIST_FILE = EndingViolence/Info.plist;
				LD_RUNPATH_SEARCH_PATHS = "$(inherited) @executable_path/Frameworks";
				PRODUCT_BUNDLE_IDENTIFIER = com.teamteamtwo.EndingViolence;
				PRODUCT_NAME = "$(TARGET_NAME)";
			};
			name = Release;
		};
/* End XCBuildConfiguration section */

/* Begin XCConfigurationList section */
		B045C4731C8B661400E47E3F /* Build configuration list for PBXProject "EndingViolence" */ = {
			isa = XCConfigurationList;
			buildConfigurations = (
				B045C4881C8B661400E47E3F /* Debug */,
				B045C4891C8B661400E47E3F /* Release */,
			);
			defaultConfigurationIsVisible = 0;
			defaultConfigurationName = Release;
		};
		B045C48A1C8B661400E47E3F /* Build configuration list for PBXNativeTarget "EndingViolence" */ = {
			isa = XCConfigurationList;
			buildConfigurations = (
				B045C48B1C8B661400E47E3F /* Debug */,
				B045C48C1C8B661400E47E3F /* Release */,
			);
			defaultConfigurationIsVisible = 0;
			defaultConfigurationName = Release;
		};
/* End XCConfigurationList section */
	};
	rootObject = B045C4701C8B661400E47E3F /* Project object */;
}
